
Microsoft Visual Studio Solution File, Format Version 12.00
# Visual Studio Version 16
VisualStudioVersion = 16.0.29409.12
MinimumVisualStudioVersion = 10.0.40219.1
Project("{FAE04EC0-301F-11D3-BF4B-00C04F79EFBC}") = "myweb", "myweb\myweb.csproj", "{A9D632C1-880A-4E65-9725-6A699982D0FC}"
EndProject
Project("{FAE04EC0-301F-11D3-BF4B-00C04F79EFBC}") = "YFModel", "YFModel\YFModel.csproj", "{CAEB4F88-30D7-49E5-8419-8FB715E9D3A6}"
EndProject
Project("{FAE04EC0-301F-11D3-BF4B-00C04F79EFBC}") = "YFBLL", "YFBLL\YFBLL.csproj", "{98CA79DC-196B-4CC7-BC62-57A8CAAA1569}"
EndProject
Project("{FAE04EC0-301F-11D3-BF4B-00C04F79EFBC}") = "YFDAL", "YFDAL\YFDAL.csproj", "{E13FECC7-C7D1-48CD-9088-DD68C5E73D93}"
EndProject
Project("{FAE04EC0-301F-11D3-BF4B-00C04F79EFBC}") = "YFUtility", "YFUtility\YFUtility.csproj", "{C3D90920-9CB6-49CE-B68D-64C347BAA70D}"
EndProject
Global
	GlobalSection(SolutionConfigurationPlatforms) = preSolution
		Debug|Any CPU = Debug|Any CPU
		Release|Any CPU = Release|Any CPU
	EndGlobalSection
	GlobalSection(ProjectConfigurationPlatforms) = postSolution
		{A9D632C1-880A-4E65-9725-6A699982D0FC}.Debug|Any CPU.ActiveCfg = Debug|Any CPU
		{A9D632C1-880A-4E65-9725-6A699982D0FC}.Debug|Any CPU.Build.0 = Debug|Any CPU
		{A9D632C1-880A-4E65-9725-6A699982D0FC}.Release|Any CPU.ActiveCfg = Release|Any CPU
		{A9D632C1-880A-4E65-9725-6A699982D0FC}.Release|Any CPU.Build.0 = Release|Any CPU
		{CAEB4F88-30D7-49E5-8419-8FB715E9D3A6}.Debug|Any CPU.ActiveCfg = Debug|Any CPU
		{CAEB4F88-30D7-49E5-8419-8FB715E9D3A6}.Debug|Any CPU.Build.0 = Debug|Any CPU
		{CAEB4F88-30D7-49E5-8419-8FB715E9D3A6}.Release|Any CPU.ActiveCfg = Release|Any CPU
		{CAEB4F88-30D7-49E5-8419-8FB715E9D3A6}.Release|Any CPU.Build.0 = Release|Any CPU
		{98CA79DC-196B-4CC7-BC62-57A8CAAA1569}.Debug|Any CPU.ActiveCfg = Debug|Any CPU
		{98CA79DC-196B-4CC7-BC62-57A8CAAA1569}.Debug|Any CPU.Build.0 = Debug|Any CPU
		{98CA79DC-196B-4CC7-BC62-57A8CAAA1569}.Release|Any CPU.ActiveCfg = Release|Any CPU
		{98CA79DC-196B-4CC7-BC62-57A8CAAA1569}.Release|Any CPU.Build.0 = Release|Any CPU
		{E13FECC7-C7D1-48CD-9088-DD68C5E73D93}.Debug|Any CPU.ActiveCfg = Debug|Any CPU
		{E13FECC7-C7D1-48CD-9088-DD68C5E73D93}.Debug|Any CPU.Build.0 = Debug|Any CPU
		{E13FECC7-C7D1-48CD-9088-DD68C5E73D93}.Release|Any CPU.ActiveCfg = Release|Any CPU
		{E13FECC7-C7D1-48CD-9088-DD68C5E73D93}.Release|Any CPU.Build.0 = Release|Any CPU
		{C3D90920-9CB6-49CE-B68D-64C347BAA70D}.Debug|Any CPU.ActiveCfg = Debug|Any CPU
		{C3D90920-9CB6-49CE-B68D-64C347BAA70D}.Debug|Any CPU.Build.0 = Debug|Any CPU
		{C3D90920-9CB6-49CE-B68D-64C347BAA70D}.Release|Any CPU.ActiveCfg = Release|Any CPU
		{C3D90920-9CB6-49CE-B68D-64C347BAA70D}.Release|Any CPU.Build.0 = Release|Any CPU
	EndGlobalSection
	GlobalSection(SolutionProperties) = preSolution
		HideSolutionNode = FALSE
	EndGlobalSection
	GlobalSection(ExtensibilityGlobals) = postSolution
		SolutionGuid = {3EE52935-A3FB-464C-9BE9-BF502FB775B0}
	EndGlobalSection
EndGlobal
